// !$*UTF8*$!
{
	archiveVersion = 1;
	classes = {
	};
	objectVersion = 46;
	objects = {

/* Begin PBXBuildFile section */
		223E27221690333400568319 /* ShinobiRangeSelectionAnnotation.m in Sources */ = {isa = PBXBuildFile; fileRef = 223E27211690333400568319 /* ShinobiRangeSelectionAnnotation.m */; };
		2266CA691689F70B006AEC44 /* UIKit.framework in Frameworks */ = {isa = PBXBuildFile; fileRef = 2266CA681689F70B006AEC44 /* UIKit.framework */; };
		2266CA6B1689F70B006AEC44 /* Foundation.framework in Frameworks */ = {isa = PBXBuildFile; fileRef = 2266CA6A1689F70B006AEC44 /* Foundation.framework */; };
		2266CA6D1689F70B006AEC44 /* CoreGraphics.framework in Frameworks */ = {isa = PBXBuildFile; fileRef = 2266CA6C1689F70B006AEC44 /* CoreGraphics.framework */; };
		2266CA731689F70B006AEC44 /* InfoPlist.strings in Resources */ = {isa = PBXBuildFile; fileRef = 2266CA711689F70B006AEC44 /* InfoPlist.strings */; };
		2266CA751689F70B006AEC44 /* main.m in Sources */ = {isa = PBXBuildFile; fileRef = 2266CA741689F70B006AEC44 /* main.m */; };
		2266CA791689F70B006AEC44 /* AppDelegate.m in Sources */ = {isa = PBXBuildFile; fileRef = 2266CA781689F70B006AEC44 /* AppDelegate.m */; };
		2266CA7B1689F70B006AEC44 /* Default.png in Resources */ = {isa = PBXBuildFile; fileRef = 2266CA7A1689F70B006AEC44 /* Default.png */; };
		2266CA7D1689F70B006AEC44 /* Default@2x.png in Resources */ = {isa = PBXBuildFile; fileRef = 2266CA7C1689F70B006AEC44 /* Default@2x.png */; };
		2266CA7F1689F70B006AEC44 /* Default-568h@2x.png in Resources */ = {isa = PBXBuildFile; fileRef = 2266CA7E1689F70B006AEC44 /* Default-568h@2x.png */; };
		2266CA821689F70B006AEC44 /* MainStoryboard.storyboard in Resources */ = {isa = PBXBuildFile; fileRef = 2266CA801689F70B006AEC44 /* MainStoryboard.storyboard */; };
		2266CA851689F70B006AEC44 /* ViewController.m in Sources */ = {isa = PBXBuildFile; fileRef = 2266CA841689F70B006AEC44 /* ViewController.m */; };
		2266CA8D1689F70B006AEC44 /* SenTestingKit.framework in Frameworks */ = {isa = PBXBuildFile; fileRef = 2266CA8C1689F70B006AEC44 /* SenTestingKit.framework */; };
		2266CA8E1689F70B006AEC44 /* UIKit.framework in Frameworks */ = {isa = PBXBuildFile; fileRef = 2266CA681689F70B006AEC44 /* UIKit.framework */; };
		2266CA8F1689F70B006AEC44 /* Foundation.framework in Frameworks */ = {isa = PBXBuildFile; fileRef = 2266CA6A1689F70B006AEC44 /* Foundation.framework */; };
		2266CA971689F70B006AEC44 /* InfoPlist.strings in Resources */ = {isa = PBXBuildFile; fileRef = 2266CA951689F70B006AEC44 /* InfoPlist.strings */; };
		2266CA9A1689F70B006AEC44 /* RangeSelectorTests.m in Sources */ = {isa = PBXBuildFile; fileRef = 2266CA991689F70B006AEC44 /* RangeSelectorTests.m */; };
		2266CAA61689F799006AEC44 /* TemperatureData.m in Sources */ = {isa = PBXBuildFile; fileRef = 2266CAA51689F799006AEC44 /* TemperatureData.m */; };
		2266CAAD1689F97D006AEC44 /* TemperatureDataPoint.m in Sources */ = {isa = PBXBuildFile; fileRef = 2266CAAC1689F97D006AEC44 /* TemperatureDataPoint.m */; };
		2266CAB11689FA16006AEC44 /* ShinobiLicense.m in Sources */ = {isa = PBXBuildFile; fileRef = 2266CAB01689FA16006AEC44 /* ShinobiLicense.m */; };
		2266CAB31689FAA6006AEC44 /* RangeSelectorSettings.plist in Resources */ = {isa = PBXBuildFile; fileRef = 2266CAB21689FAA6006AEC44 /* RangeSelectorSettings.plist */; };
		2266CAC1168A0280006AEC44 /* ChartDatasource.m in Sources */ = {isa = PBXBuildFile; fileRef = 2266CAC0168A0280006AEC44 /* ChartDatasource.m */; };
		2266CAC3168A05E2006AEC44 /* QuartzCore.framework in Frameworks */ = {isa = PBXBuildFile; fileRef = 2266CAC2168A05E2006AEC44 /* QuartzCore.framework */; };
		2266CAC5168A05E8006AEC44 /* Security.framework in Frameworks */ = {isa = PBXBuildFile; fileRef = 2266CAC4168A05E8006AEC44 /* Security.framework */; };
		2266CAC7168A05EE006AEC44 /* OpenGLES.framework in Frameworks */ = {isa = PBXBuildFile; fileRef = 2266CAC6168A05EE006AEC44 /* OpenGLES.framework */; };
		2266CACA168A3163006AEC44 /* ShinobiRangeSelector.m in Sources */ = {isa = PBXBuildFile; fileRef = 2266CAC9168A3163006AEC44 /* ShinobiRangeSelector.m */; };
		2266CACD168A35A9006AEC44 /* ChartConfigUtilities.m in Sources */ = {isa = PBXBuildFile; fileRef = 2266CACC168A35A9006AEC44 /* ChartConfigUtilities.m */; };
		2266CAD1168A3B75006AEC44 /* ShinobiRangeAnnotationManager.m in Sources */ = {isa = PBXBuildFile; fileRef = 2266CAD0168A3B74006AEC44 /* ShinobiRangeAnnotationManager.m */; };
		2266CADC168E9EEC006AEC44 /* ShinobiRangeHandleAnnotation.m in Sources */ = {isa = PBXBuildFile; fileRef = 2266CADB168E9EEC006AEC44 /* ShinobiRangeHandleAnnotation.m */; };
		227056AE169BD83800799D62 /* MomentumAnimation.m in Sources */ = {isa = PBXBuildFile; fileRef = 227056AD169BD83800799D62 /* MomentumAnimation.m */; };
		229EE427169DBB2F00EBF0BF /* ShinobiValueAnnotationManager.m in Sources */ = {isa = PBXBuildFile; fileRef = 229EE426169DBB2F00EBF0BF /* ShinobiValueAnnotationManager.m */; };
		229EE42A169E6CD400EBF0BF /* NSArray+BinarySearch.m in Sources */ = {isa = PBXBuildFile; fileRef = 229EE429169E6CD400EBF0BF /* NSArray+BinarySearch.m */; };
		229EE42E169E73E600EBF0BF /* NSArray+BinarySearchTests.m in Sources */ = {isa = PBXBuildFile; fileRef = 229EE42D169E73E600EBF0BF /* NSArray+BinarySearchTests.m */; };
		22D0235E18B948BD000C2268 /* ShinobiCharts.framework in Frameworks */ = {isa = PBXBuildFile; fileRef = 22D0235D18B948BD000C2268 /* ShinobiCharts.framework */; };
		22D0236018B94C68000C2268 /* CoreText.framework in Frameworks */ = {isa = PBXBuildFile; fileRef = 22D0235F18B94C68000C2268 /* CoreText.framework */; };
		22D0236418B94CC3000C2268 /* libc++.dylib in Frameworks */ = {isa = PBXBuildFile; fileRef = 22D0236318B94CC3000C2268 /* libc++.dylib */; };
		22D1A40516EBB182007CDCD7 /* ShinobiAnchoredTextAnnotation.m in Sources */ = {isa = PBXBuildFile; fileRef = 22D1A40416EBB182007CDCD7 /* ShinobiAnchoredTextAnnotation.m */; };
		F47308AB16EA03D4001D0710 /* SChartAxis+CoordinateSpaceConversion.m in Sources */ = {isa = PBXBuildFile; fileRef = F47308AA16EA03D4001D0710 /* SChartAxis+CoordinateSpaceConversion.m */; };
/* End PBXBuildFile section */

/* Begin PBXContainerItemProxy section */
		2266CA901689F70B006AEC44 /* PBXContainerItemProxy */ = {
			isa = PBXContainerItemProxy;
			containerPortal = 2266CA5B1689F70B006AEC44 /* Project object */;
			proxyType = 1;
			remoteGlobalIDString = 2266CA631689F70B006AEC44;
			remoteInfo = RangeSelector;
		};
/* End PBXContainerItemProxy section */

/* Begin PBXFileReference section */
		223E27201690333400568319 /* ShinobiRangeSelectionAnnotation.h */ = {isa = PBXFileReference; fileEncoding = 4; lastKnownFileType = sourcecode.c.h; path = ShinobiRangeSelectionAnnotation.h; sourceTree = "<group>"; };
		223E27211690333400568319 /* ShinobiRangeSelectionAnnotation.m */ = {isa = PBXFileReference; fileEncoding = 4; lastKnownFileType = sourcecode.c.objc; path = ShinobiRangeSelectionAnnotation.m; sourceTree = "<group>"; };
		2266CA641689F70B006AEC44 /* RangeSelector.app */ = {isa = PBXFileReference; explicitFileType = wrapper.application; includeInIndex = 0; path = RangeSelector.app; sourceTree = BUILT_PRODUCTS_DIR; };
		2266CA681689F70B006AEC44 /* UIKit.framework */ = {isa = PBXFileReference; lastKnownFileType = wrapper.framework; name = UIKit.framework; path = System/Library/Frameworks/UIKit.framework; sourceTree = SDKROOT; };
		2266CA6A1689F70B006AEC44 /* Foundation.framework */ = {isa = PBXFileReference; lastKnownFileType = wrapper.framework; name = Foundation.framework; path = System/Library/Frameworks/Foundation.framework; sourceTree = SDKROOT; };
		2266CA6C1689F70B006AEC44 /* CoreGraphics.framework */ = {isa = PBXFileReference; lastKnownFileType = wrapper.framework; name = CoreGraphics.framework; path = System/Library/Frameworks/CoreGraphics.framework; sourceTree = SDKROOT; };
		2266CA701689F70B006AEC44 /* RangeSelector-Info.plist */ = {isa = PBXFileReference; lastKnownFileType = text.plist.xml; path = "RangeSelector-Info.plist"; sourceTree = "<group>"; };
		2266CA721689F70B006AEC44 /* en */ = {isa = PBXFileReference; lastKnownFileType = text.plist.strings; name = en; path = en.lproj/InfoPlist.strings; sourceTree = "<group>"; };
		2266CA741689F70B006AEC44 /* main.m */ = {isa = PBXFileReference; lastKnownFileType = sourcecode.c.objc; path = main.m; sourceTree = "<group>"; };
		2266CA761689F70B006AEC44 /* RangeSelector-Prefix.pch */ = {isa = PBXFileReference; lastKnownFileType = sourcecode.c.h; path = "RangeSelector-Prefix.pch"; sourceTree = "<group>"; };
		2266CA771689F70B006AEC44 /* AppDelegate.h */ = {isa = PBXFileReference; lastKnownFileType = sourcecode.c.h; path = AppDelegate.h; sourceTree = "<group>"; };
		2266CA781689F70B006AEC44 /* AppDelegate.m */ = {isa = PBXFileReference; lastKnownFileType = sourcecode.c.objc; path = AppDelegate.m; sourceTree = "<group>"; };
		2266CA7A1689F70B006AEC44 /* Default.png */ = {isa = PBXFileReference; lastKnownFileType = image.png; path = Default.png; sourceTree = "<group>"; };
		2266CA7C1689F70B006AEC44 /* Default@2x.png */ = {isa = PBXFileReference; lastKnownFileType = image.png; path = "Default@2x.png"; sourceTree = "<group>"; };
		2266CA7E1689F70B006AEC44 /* Default-568h@2x.png */ = {isa = PBXFileReference; lastKnownFileType = image.png; path = "Default-568h@2x.png"; sourceTree = "<group>"; };
		2266CA811689F70B006AEC44 /* en */ = {isa = PBXFileReference; lastKnownFileType = file.storyboard; name = en; path = en.lproj/MainStoryboard.storyboard; sourceTree = "<group>"; };
		2266CA831689F70B006AEC44 /* ViewController.h */ = {isa = PBXFileReference; lastKnownFileType = sourcecode.c.h; path = ViewController.h; sourceTree = "<group>"; };
		2266CA841689F70B006AEC44 /* ViewController.m */ = {isa = PBXFileReference; lastKnownFileType = sourcecode.c.objc; path = ViewController.m; sourceTree = "<group>"; };
		2266CA8B1689F70B006AEC44 /* RangeSelectorTests.octest */ = {isa = PBXFileReference; explicitFileType = wrapper.cfbundle; includeInIndex = 0; path = RangeSelectorTests.octest; sourceTree = BUILT_PRODUCTS_DIR; };
		2266CA8C1689F70B006AEC44 /* SenTestingKit.framework */ = {isa = PBXFileReference; lastKnownFileType = wrapper.framework; name = SenTestingKit.framework; path = Library/Frameworks/SenTestingKit.framework; sourceTree = DEVELOPER_DIR; };
		2266CA941689F70B006AEC44 /* RangeSelectorTests-Info.plist */ = {isa = PBXFileReference; lastKnownFileType = text.plist.xml; path = "RangeSelectorTests-Info.plist"; sourceTree = "<group>"; };
		2266CA961689F70B006AEC44 /* en */ = {isa = PBXFileReference; lastKnownFileType = text.plist.strings; name = en; path = en.lproj/InfoPlist.strings; sourceTree = "<group>"; };
		2266CA981689F70B006AEC44 /* RangeSelectorTests.h */ = {isa = PBXFileReference; lastKnownFileType = sourcecode.c.h; path = RangeSelectorTests.h; sourceTree = "<group>"; };
		2266CA991689F70B006AEC44 /* RangeSelectorTests.m */ = {isa = PBXFileReference; lastKnownFileType = sourcecode.c.objc; path = RangeSelectorTests.m; sourceTree = "<group>"; };
		2266CAA41689F799006AEC44 /* TemperatureData.h */ = {isa = PBXFileReference; fileEncoding = 4; lastKnownFileType = sourcecode.c.h; path = TemperatureData.h; sourceTree = "<group>"; };
		2266CAA51689F799006AEC44 /* TemperatureData.m */ = {isa = PBXFileReference; fileEncoding = 4; lastKnownFileType = sourcecode.c.objc; path = TemperatureData.m; sourceTree = "<group>"; };
		2266CAAB1689F97D006AEC44 /* TemperatureDataPoint.h */ = {isa = PBXFileReference; fileEncoding = 4; lastKnownFileType = sourcecode.c.h; path = TemperatureDataPoint.h; sourceTree = "<group>"; };
		2266CAAC1689F97D006AEC44 /* TemperatureDataPoint.m */ = {isa = PBXFileReference; fileEncoding = 4; lastKnownFileType = sourcecode.c.objc; path = TemperatureDataPoint.m; sourceTree = "<group>"; };
		2266CAAF1689FA16006AEC44 /* ShinobiLicense.h */ = {isa = PBXFileReference; fileEncoding = 4; lastKnownFileType = sourcecode.c.h; path = ShinobiLicense.h; sourceTree = "<group>"; };
		2266CAB01689FA16006AEC44 /* ShinobiLicense.m */ = {isa = PBXFileReference; fileEncoding = 4; lastKnownFileType = sourcecode.c.objc; path = ShinobiLicense.m; sourceTree = "<group>"; };
		2266CAB21689FAA6006AEC44 /* RangeSelectorSettings.plist */ = {isa = PBXFileReference; fileEncoding = 4; lastKnownFileType = text.plist.xml; path = RangeSelectorSettings.plist; sourceTree = "<group>"; };
		2266CABF168A0280006AEC44 /* ChartDatasource.h */ = {isa = PBXFileReference; fileEncoding = 4; lastKnownFileType = sourcecode.c.h; path = ChartDatasource.h; sourceTree = "<group>"; };
		2266CAC0168A0280006AEC44 /* ChartDatasource.m */ = {isa = PBXFileReference; fileEncoding = 4; lastKnownFileType = sourcecode.c.objc; path = ChartDatasource.m; sourceTree = "<group>"; };
		2266CAC2168A05E2006AEC44 /* QuartzCore.framework */ = {isa = PBXFileReference; lastKnownFileType = wrapper.framework; name = QuartzCore.framework; path = System/Library/Frameworks/QuartzCore.framework; sourceTree = SDKROOT; };
		2266CAC4168A05E8006AEC44 /* Security.framework */ = {isa = PBXFileReference; lastKnownFileType = wrapper.framework; name = Security.framework; path = System/Library/Frameworks/Security.framework; sourceTree = SDKROOT; };
		2266CAC6168A05EE006AEC44 /* OpenGLES.framework */ = {isa = PBXFileReference; lastKnownFileType = wrapper.framework; name = OpenGLES.framework; path = System/Library/Frameworks/OpenGLES.framework; sourceTree = SDKROOT; };
		2266CAC8168A3163006AEC44 /* ShinobiRangeSelector.h */ = {isa = PBXFileReference; fileEncoding = 4; lastKnownFileType = sourcecode.c.h; path = ShinobiRangeSelector.h; sourceTree = "<group>"; };
		2266CAC9168A3163006AEC44 /* ShinobiRangeSelector.m */ = {isa = PBXFileReference; fileEncoding = 4; lastKnownFileType = sourcecode.c.objc; path = ShinobiRangeSelector.m; sourceTree = "<group>"; };
		2266CACB168A35A9006AEC44 /* ChartConfigUtilities.h */ = {isa = PBXFileReference; fileEncoding = 4; lastKnownFileType = sourcecode.c.h; path = ChartConfigUtilities.h; sourceTree = "<group>"; };
		2266CACC168A35A9006AEC44 /* ChartConfigUtilities.m */ = {isa = PBXFileReference; fileEncoding = 4; lastKnownFileType = sourcecode.c.objc; path = ChartConfigUtilities.m; sourceTree = "<group>"; };
		2266CACF168A3B74006AEC44 /* ShinobiRangeAnnotationManager.h */ = {isa = PBXFileReference; fileEncoding = 4; lastKnownFileType = sourcecode.c.h; path = ShinobiRangeAnnotationManager.h; sourceTree = "<group>"; };
		2266CAD0168A3B74006AEC44 /* ShinobiRangeAnnotationManager.m */ = {isa = PBXFileReference; fileEncoding = 4; lastKnownFileType = sourcecode.c.objc; path = ShinobiRangeAnnotationManager.m; sourceTree = "<group>"; };
		2266CAD2168CA82A006AEC44 /* ShinobiRangeAnnotationDelegate.h */ = {isa = PBXFileReference; lastKnownFileType = sourcecode.c.h; path = ShinobiRangeAnnotationDelegate.h; sourceTree = "<group>"; };
		2266CADA168E9EEC006AEC44 /* ShinobiRangeHandleAnnotation.h */ = {isa = PBXFileReference; fileEncoding = 4; lastKnownFileType = sourcecode.c.h; path = ShinobiRangeHandleAnnotation.h; sourceTree = "<group>"; };
		2266CADB168E9EEC006AEC44 /* ShinobiRangeHandleAnnotation.m */ = {isa = PBXFileReference; fileEncoding = 4; lastKnownFileType = sourcecode.c.objc; path = ShinobiRangeHandleAnnotation.m; sourceTree = "<group>"; };
		227056AC169BD83800799D62 /* MomentumAnimation.h */ = {isa = PBXFileReference; fileEncoding = 4; lastKnownFileType = sourcecode.c.h; path = MomentumAnimation.h; sourceTree = "<group>"; };
		227056AD169BD83800799D62 /* MomentumAnimation.m */ = {isa = PBXFileReference; fileEncoding = 4; lastKnownFileType = sourcecode.c.objc; path = MomentumAnimation.m; sourceTree = "<group>"; };
		229EE425169DBB2F00EBF0BF /* ShinobiValueAnnotationManager.h */ = {isa = PBXFileReference; fileEncoding = 4; lastKnownFileType = sourcecode.c.h; path = ShinobiValueAnnotationManager.h; sourceTree = "<group>"; };
		229EE426169DBB2F00EBF0BF /* ShinobiValueAnnotationManager.m */ = {isa = PBXFileReference; fileEncoding = 4; lastKnownFileType = sourcecode.c.objc; path = ShinobiValueAnnotationManager.m; sourceTree = "<group>"; };
		229EE428169E6CD400EBF0BF /* NSArray+BinarySearch.h */ = {isa = PBXFileReference; fileEncoding = 4; lastKnownFileType = sourcecode.c.h; path = "NSArray+BinarySearch.h"; sourceTree = "<group>"; };
		229EE429169E6CD400EBF0BF /* NSArray+BinarySearch.m */ = {isa = PBXFileReference; fileEncoding = 4; lastKnownFileType = sourcecode.c.objc; path = "NSArray+BinarySearch.m"; sourceTree = "<group>"; };
		229EE42C169E73E600EBF0BF /* NSArray+BinarySearchTests.h */ = {isa = PBXFileReference; fileEncoding = 4; lastKnownFileType = sourcecode.c.h; path = "NSArray+BinarySearchTests.h"; sourceTree = "<group>"; };
		229EE42D169E73E600EBF0BF /* NSArray+BinarySearchTests.m */ = {isa = PBXFileReference; fileEncoding = 4; lastKnownFileType = sourcecode.c.objc; path = "NSArray+BinarySearchTests.m"; sourceTree = "<group>"; };
		22D0235D18B948BD000C2268 /* ShinobiCharts.framework */ = {isa = PBXFileReference; lastKnownFileType = wrapper.framework; path = ShinobiCharts.framework; sourceTree = "<group>"; };
		22D0235F18B94C68000C2268 /* CoreText.framework */ = {isa = PBXFileReference; lastKnownFileType = wrapper.framework; name = CoreText.framework; path = System/Library/Frameworks/CoreText.framework; sourceTree = SDKROOT; };
		22D0236118B94C89000C2268 /* libstdc++.dylib */ = {isa = PBXFileReference; lastKnownFileType = "compiled.mach-o.dylib"; name = "libstdc++.dylib"; path = "usr/lib/libstdc++.dylib"; sourceTree = SDKROOT; };
		22D0236318B94CC3000C2268 /* libc++.dylib */ = {isa = PBXFileReference; lastKnownFileType = "compiled.mach-o.dylib"; name = "libc++.dylib"; path = "usr/lib/libc++.dylib"; sourceTree = SDKROOT; };
		22D1A40316EBB182007CDCD7 /* ShinobiAnchoredTextAnnotation.h */ = {isa = PBXFileReference; fileEncoding = 4; lastKnownFileType = sourcecode.c.h; path = ShinobiAnchoredTextAnnotation.h; sourceTree = "<group>"; };
		22D1A40416EBB182007CDCD7 /* ShinobiAnchoredTextAnnotation.m */ = {isa = PBXFileReference; fileEncoding = 4; lastKnownFileType = sourcecode.c.objc; path = ShinobiAnchoredTextAnnotation.m; sourceTree = "<group>"; };
		22D1A40616EC990A007CDCD7 /* SChartDatasourceLookup.h */ = {isa = PBXFileReference; lastKnownFileType = sourcecode.c.h; path = SChartDatasourceLookup.h; sourceTree = "<group>"; };
		F47308A916EA03D4001D0710 /* SChartAxis+CoordinateSpaceConversion.h */ = {isa = PBXFileReference; fileEncoding = 4; lastKnownFileType = sourcecode.c.h; path = "SChartAxis+CoordinateSpaceConversion.h"; sourceTree = "<group>"; };
		F47308AA16EA03D4001D0710 /* SChartAxis+CoordinateSpaceConversion.m */ = {isa = PBXFileReference; fileEncoding = 4; lastKnownFileType = sourcecode.c.objc; path = "SChartAxis+CoordinateSpaceConversion.m"; sourceTree = "<group>"; };
/* End PBXFileReference section */

/* Begin PBXFrameworksBuildPhase section */
		2266CA611689F70B006AEC44 /* Frameworks */ = {
			isa = PBXFrameworksBuildPhase;
			buildActionMask = 2147483647;
			files = (
				22D0236418B94CC3000C2268 /* libc++.dylib in Frameworks */,
				22D0236018B94C68000C2268 /* CoreText.framework in Frameworks */,
				2266CAC7168A05EE006AEC44 /* OpenGLES.framework in Frameworks */,
				2266CAC5168A05E8006AEC44 /* Security.framework in Frameworks */,
				2266CAC3168A05E2006AEC44 /* QuartzCore.framework in Frameworks */,
				2266CA691689F70B006AEC44 /* UIKit.framework in Frameworks */,
				22D0235E18B948BD000C2268 /* ShinobiCharts.framework in Frameworks */,
				2266CA6B1689F70B006AEC44 /* Foundation.framework in Frameworks */,
				2266CA6D1689F70B006AEC44 /* CoreGraphics.framework in Frameworks */,
			);
			runOnlyForDeploymentPostprocessing = 0;
		};
		2266CA871689F70B006AEC44 /* Frameworks */ = {
			isa = PBXFrameworksBuildPhase;
			buildActionMask = 2147483647;
			files = (
				2266CA8D1689F70B006AEC44 /* SenTestingKit.framework in Frameworks */,
				2266CA8E1689F70B006AEC44 /* UIKit.framework in Frameworks */,
				2266CA8F1689F70B006AEC44 /* Foundation.framework in Frameworks */,
			);
			runOnlyForDeploymentPostprocessing = 0;
		};
/* End PBXFrameworksBuildPhase section */

/* Begin PBXGroup section */
		2266CA591689F70B006AEC44 = {
			isa = PBXGroup;
			children = (
				2266CA6E1689F70B006AEC44 /* RangeSelector */,
				2266CA921689F70B006AEC44 /* RangeSelectorTests */,
				2266CA671689F70B006AEC44 /* Frameworks */,
				2266CA651689F70B006AEC44 /* Products */,
			);
			sourceTree = "<group>";
		};
		2266CA651689F70B006AEC44 /* Products */ = {
			isa = PBXGroup;
			children = (
				2266CA641689F70B006AEC44 /* RangeSelector.app */,
				2266CA8B1689F70B006AEC44 /* RangeSelectorTests.octest */,
			);
			name = Products;
			sourceTree = "<group>";
		};
		2266CA671689F70B006AEC44 /* Frameworks */ = {
			isa = PBXGroup;
			children = (
				22D0236318B94CC3000C2268 /* libc++.dylib */,
				22D0236118B94C89000C2268 /* libstdc++.dylib */,
				22D0235F18B94C68000C2268 /* CoreText.framework */,
				22D0235D18B948BD000C2268 /* ShinobiCharts.framework */,
				2266CAC6168A05EE006AEC44 /* OpenGLES.framework */,
				2266CAC4168A05E8006AEC44 /* Security.framework */,
				2266CAC2168A05E2006AEC44 /* QuartzCore.framework */,
				2266CA681689F70B006AEC44 /* UIKit.framework */,
				2266CA6A1689F70B006AEC44 /* Foundation.framework */,
				2266CA6C1689F70B006AEC44 /* CoreGraphics.framework */,
				2266CA8C1689F70B006AEC44 /* SenTestingKit.framework */,
			);
			name = Frameworks;
			sourceTree = "<group>";
		};
		2266CA6E1689F70B006AEC44 /* RangeSelector */ = {
			isa = PBXGroup;
			children = (
				2266CAAE1689F9EB006AEC44 /* Utilities */,
				2266CAA31689F72B006AEC44 /* Data */,
				2266CABE168A0263006AEC44 /* Charts */,
				2266CA771689F70B006AEC44 /* AppDelegate.h */,
				2266CA781689F70B006AEC44 /* AppDelegate.m */,
				2266CA801689F70B006AEC44 /* MainStoryboard.storyboard */,
				2266CA831689F70B006AEC44 /* ViewController.h */,
				2266CA841689F70B006AEC44 /* ViewController.m */,
				2266CA6F1689F70B006AEC44 /* Supporting Files */,
			);
			path = RangeSelector;
			sourceTree = "<group>";
		};
		2266CA6F1689F70B006AEC44 /* Supporting Files */ = {
			isa = PBXGroup;
			children = (
				2266CA701689F70B006AEC44 /* RangeSelector-Info.plist */,
				2266CA711689F70B006AEC44 /* InfoPlist.strings */,
				2266CA741689F70B006AEC44 /* main.m */,
				2266CA761689F70B006AEC44 /* RangeSelector-Prefix.pch */,
				2266CA7A1689F70B006AEC44 /* Default.png */,
				2266CA7C1689F70B006AEC44 /* Default@2x.png */,
				2266CA7E1689F70B006AEC44 /* Default-568h@2x.png */,
			);
			name = "Supporting Files";
			sourceTree = "<group>";
		};
		2266CA921689F70B006AEC44 /* RangeSelectorTests */ = {
			isa = PBXGroup;
			children = (
				229EE42B169E73AC00EBF0BF /* Utilities */,
				2266CA981689F70B006AEC44 /* RangeSelectorTests.h */,
				2266CA991689F70B006AEC44 /* RangeSelectorTests.m */,
				2266CA931689F70B006AEC44 /* Supporting Files */,
			);
			path = RangeSelectorTests;
			sourceTree = "<group>";
		};
		2266CA931689F70B006AEC44 /* Supporting Files */ = {
			isa = PBXGroup;
			children = (
				2266CA941689F70B006AEC44 /* RangeSelectorTests-Info.plist */,
				2266CA951689F70B006AEC44 /* InfoPlist.strings */,
			);
			name = "Supporting Files";
			sourceTree = "<group>";
		};
		2266CAA31689F72B006AEC44 /* Data */ = {
			isa = PBXGroup;
			children = (
				2266CAA41689F799006AEC44 /* TemperatureData.h */,
				2266CAA51689F799006AEC44 /* TemperatureData.m */,
				2266CAAB1689F97D006AEC44 /* TemperatureDataPoint.h */,
				2266CAAC1689F97D006AEC44 /* TemperatureDataPoint.m */,
				22D1A40616EC990A007CDCD7 /* SChartDatasourceLookup.h */,
			);
			name = Data;
			sourceTree = "<group>";
		};
		2266CAAE1689F9EB006AEC44 /* Utilities */ = {
			isa = PBXGroup;
			children = (
				2266CAAF1689FA16006AEC44 /* ShinobiLicense.h */,
				2266CAB01689FA16006AEC44 /* ShinobiLicense.m */,
				2266CAB21689FAA6006AEC44 /* RangeSelectorSettings.plist */,
				227056AC169BD83800799D62 /* MomentumAnimation.h */,
				227056AD169BD83800799D62 /* MomentumAnimation.m */,
				229EE428169E6CD400EBF0BF /* NSArray+BinarySearch.h */,
				229EE429169E6CD400EBF0BF /* NSArray+BinarySearch.m */,
			);
			name = Utilities;
			sourceTree = "<group>";
		};
		2266CABE168A0263006AEC44 /* Charts */ = {
			isa = PBXGroup;
			children = (
				F47308A816EA02D9001D0710 /* Axis Utilities */,
				229EE423169DB9C600EBF0BF /* ValuePointer */,
				2266CACE168A3B26006AEC44 /* RangeAnnotations */,
				2266CABF168A0280006AEC44 /* ChartDatasource.h */,
				2266CAC0168A0280006AEC44 /* ChartDatasource.m */,
				2266CAC8168A3163006AEC44 /* ShinobiRangeSelector.h */,
				2266CAC9168A3163006AEC44 /* ShinobiRangeSelector.m */,
				2266CACB168A35A9006AEC44 /* ChartConfigUtilities.h */,
				2266CACC168A35A9006AEC44 /* ChartConfigUtilities.m */,
			);
			name = Charts;
			sourceTree = "<group>";
		};
		2266CACE168A3B26006AEC44 /* RangeAnnotations */ = {
			isa = PBXGroup;
			children = (
				2266CACF168A3B74006AEC44 /* ShinobiRangeAnnotationManager.h */,
				2266CAD0168A3B74006AEC44 /* ShinobiRangeAnnotationManager.m */,
				2266CAD2168CA82A006AEC44 /* ShinobiRangeAnnotationDelegate.h */,
				2266CADA168E9EEC006AEC44 /* ShinobiRangeHandleAnnotation.h */,
				2266CADB168E9EEC006AEC44 /* ShinobiRangeHandleAnnotation.m */,
				223E27201690333400568319 /* ShinobiRangeSelectionAnnotation.h */,
				223E27211690333400568319 /* ShinobiRangeSelectionAnnotation.m */,
			);
			name = RangeAnnotations;
			sourceTree = "<group>";
		};
		229EE423169DB9C600EBF0BF /* ValuePointer */ = {
			isa = PBXGroup;
			children = (
				229EE425169DBB2F00EBF0BF /* ShinobiValueAnnotationManager.h */,
				229EE426169DBB2F00EBF0BF /* ShinobiValueAnnotationManager.m */,
				22D1A40316EBB182007CDCD7 /* ShinobiAnchoredTextAnnotation.h */,
				22D1A40416EBB182007CDCD7 /* ShinobiAnchoredTextAnnotation.m */,
			);
			name = ValuePointer;
			sourceTree = "<group>";
		};
		229EE42B169E73AC00EBF0BF /* Utilities */ = {
			isa = PBXGroup;
			children = (
				229EE42C169E73E600EBF0BF /* NSArray+BinarySearchTests.h */,
				229EE42D169E73E600EBF0BF /* NSArray+BinarySearchTests.m */,
			);
			name = Utilities;
			sourceTree = "<group>";
		};
		F47308A816EA02D9001D0710 /* Axis Utilities */ = {
			isa = PBXGroup;
			children = (
				F47308A916EA03D4001D0710 /* SChartAxis+CoordinateSpaceConversion.h */,
				F47308AA16EA03D4001D0710 /* SChartAxis+CoordinateSpaceConversion.m */,
			);
			name = "Axis Utilities";
			sourceTree = "<group>";
		};
/* End PBXGroup section */

/* Begin PBXNativeTarget section */
		2266CA631689F70B006AEC44 /* RangeSelector */ = {
			isa = PBXNativeTarget;
			buildConfigurationList = 2266CA9D1689F70B006AEC44 /* Build configuration list for PBXNativeTarget "RangeSelector" */;
			buildPhases = (
				2266CA601689F70B006AEC44 /* Sources */,
				2266CA611689F70B006AEC44 /* Frameworks */,
				2266CA621689F70B006AEC44 /* Resources */,
			);
			buildRules = (
			);
			dependencies = (
			);
			name = RangeSelector;
			productName = RangeSelector;
			productReference = 2266CA641689F70B006AEC44 /* RangeSelector.app */;
			productType = "com.apple.product-type.application";
		};
		2266CA8A1689F70B006AEC44 /* RangeSelectorTests */ = {
			isa = PBXNativeTarget;
			buildConfigurationList = 2266CAA01689F70B006AEC44 /* Build configuration list for PBXNativeTarget "RangeSelectorTests" */;
			buildPhases = (
				2266CA861689F70B006AEC44 /* Sources */,
				2266CA871689F70B006AEC44 /* Frameworks */,
				2266CA881689F70B006AEC44 /* Resources */,
				2266CA891689F70B006AEC44 /* ShellScript */,
			);
			buildRules = (
			);
			dependencies = (
				2266CA911689F70B006AEC44 /* PBXTargetDependency */,
			);
			name = RangeSelectorTests;
			productName = RangeSelectorTests;
			productReference = 2266CA8B1689F70B006AEC44 /* RangeSelectorTests.octest */;
			productType = "com.apple.product-type.bundle";
		};
/* End PBXNativeTarget section */

/* Begin PBXProject section */
		2266CA5B1689F70B006AEC44 /* Project object */ = {
			isa = PBXProject;
			attributes = {
				LastUpgradeCheck = 0450;
				ORGANIZATIONNAME = "Shinobi Controls";
			};
			buildConfigurationList = 2266CA5E1689F70B006AEC44 /* Build configuration list for PBXProject "RangeSelector" */;
			compatibilityVersion = "Xcode 3.2";
			developmentRegion = English;
			hasScannedForEncodings = 0;
			knownRegions = (
				en,
			);
			mainGroup = 2266CA591689F70B006AEC44;
			productRefGroup = 2266CA651689F70B006AEC44 /* Products */;
			projectDirPath = "";
			projectRoot = "";
			targets = (
				2266CA631689F70B006AEC44 /* RangeSelector */,
				2266CA8A1689F70B006AEC44 /* RangeSelectorTests */,
			);
		};
/* End PBXProject section */

/* Begin PBXResourcesBuildPhase section */
		2266CA621689F70B006AEC44 /* Resources */ = {
			isa = PBXResourcesBuildPhase;
			buildActionMask = 2147483647;
			files = (
				2266CA731689F70B006AEC44 /* InfoPlist.strings in Resources */,
				2266CA7B1689F70B006AEC44 /* Default.png in Resources */,
				2266CA7D1689F70B006AEC44 /* Default@2x.png in Resources */,
				2266CA7F1689F70B006AEC44 /* Default-568h@2x.png in Resources */,
				2266CA821689F70B006AEC44 /* MainStoryboard.storyboard in Resources */,
				2266CAB31689FAA6006AEC44 /* RangeSelectorSettings.plist in Resources */,
			);
			runOnlyForDeploymentPostprocessing = 0;
		};
		2266CA881689F70B006AEC44 /* Resources */ = {
			isa = PBXResourcesBuildPhase;
			buildActionMask = 2147483647;
			files = (
				2266CA971689F70B006AEC44 /* InfoPlist.strings in Resources */,
			);
			runOnlyForDeploymentPostprocessing = 0;
		};
/* End PBXResourcesBuildPhase section */

/* Begin PBXShellScriptBuildPhase section */
		2266CA891689F70B006AEC44 /* ShellScript */ = {
			isa = PBXShellScriptBuildPhase;
			buildActionMask = 2147483647;
			files = (
			);
			inputPaths = (
			);
			outputPaths = (
			);
			runOnlyForDeploymentPostprocessing = 0;
			shellPath = /bin/sh;
			shellScript = "# Run the unit tests in this test bundle.\n\"${SYSTEM_DEVELOPER_DIR}/Tools/RunUnitTests\"\n";
		};
/* End PBXShellScriptBuildPhase section */

/* Begin PBXSourcesBuildPhase section */
		2266CA601689F70B006AEC44 /* Sources */ = {
			isa = PBXSourcesBuildPhase;
			buildActionMask = 2147483647;
			files = (
				2266CA751689F70B006AEC44 /* main.m in Sources */,
				2266CA791689F70B006AEC44 /* AppDelegate.m in Sources */,
				2266CA851689F70B006AEC44 /* ViewController.m in Sources */,
				2266CAA61689F799006AEC44 /* TemperatureData.m in Sources */,
				2266CAAD1689F97D006AEC44 /* TemperatureDataPoint.m in Sources */,
				2266CAB11689FA16006AEC44 /* ShinobiLicense.m in Sources */,
				2266CAC1168A0280006AEC44 /* ChartDatasource.m in Sources */,
				2266CACA168A3163006AEC44 /* ShinobiRangeSelector.m in Sources */,
				2266CACD168A35A9006AEC44 /* ChartConfigUtilities.m in Sources */,
				2266CAD1168A3B75006AEC44 /* ShinobiRangeAnnotationManager.m in Sources */,
				2266CADC168E9EEC006AEC44 /* ShinobiRangeHandleAnnotation.m in Sources */,
				223E27221690333400568319 /* ShinobiRangeSelectionAnnotation.m in Sources */,
				227056AE169BD83800799D62 /* MomentumAnimation.m in Sources */,
				229EE427169DBB2F00EBF0BF /* ShinobiValueAnnotationManager.m in Sources */,
				229EE42A169E6CD400EBF0BF /* NSArray+BinarySearch.m in Sources */,
				F47308AB16EA03D4001D0710 /* SChartAxis+CoordinateSpaceConversion.m in Sources */,
				22D1A40516EBB182007CDCD7 /* ShinobiAnchoredTextAnnotation.m in Sources */,
			);
			runOnlyForDeploymentPostprocessing = 0;
		};
		2266CA861689F70B006AEC44 /* Sources */ = {
			isa = PBXSourcesBuildPhase;
			buildActionMask = 2147483647;
			files = (
				2266CA9A1689F70B006AEC44 /* RangeSelectorTests.m in Sources */,
				229EE42E169E73E600EBF0BF /* NSArray+BinarySearchTests.m in Sources */,
			);
			runOnlyForDeploymentPostprocessing = 0;
		};
/* End PBXSourcesBuildPhase section */

/* Begin PBXTargetDependency section */
		2266CA911689F70B006AEC44 /* PBXTargetDependency */ = {
			isa = PBXTargetDependency;
			target = 2266CA631689F70B006AEC44 /* RangeSelector */;
			targetProxy = 2266CA901689F70B006AEC44 /* PBXContainerItemProxy */;
		};
/* End PBXTargetDependency section */

/* Begin PBXVariantGroup section */
		2266CA711689F70B006AEC44 /* InfoPlist.strings */ = {
			isa = PBXVariantGroup;
			children = (
				2266CA721689F70B006AEC44 /* en */,
			);
			name = InfoPlist.strings;
			sourceTree = "<group>";
		};
		2266CA801689F70B006AEC44 /* MainStoryboard.storyboard */ = {
			isa = PBXVariantGroup;
			children = (
				2266CA811689F70B006AEC44 /* en */,
			);
			name = MainStoryboard.storyboard;
			sourceTree = "<group>";
		};
		2266CA951689F70B006AEC44 /* InfoPlist.strings */ = {
			isa = PBXVariantGroup;
			children = (
				2266CA961689F70B006AEC44 /* en */,
			);
			name = InfoPlist.strings;
			sourceTree = "<group>";
		};
/* End PBXVariantGroup section */

/* Begin XCBuildConfiguration section */
		2266CA9B1689F70B006AEC44 /* Debug */ = {
			isa = XCBuildConfiguration;
			buildSettings = {
				ALWAYS_SEARCH_USER_PATHS = NO;
				CLANG_CXX_LANGUAGE_STANDARD = "gnu++0x";
				CLANG_CXX_LIBRARY = "libc++";
				CLANG_ENABLE_OBJC_ARC = YES;
				CLANG_WARN_EMPTY_BODY = YES;
				CLANG_WARN__DUPLICATE_METHOD_MATCH = YES;
				"CODE_SIGN_IDENTITY[sdk=iphoneos*]" = "iPhone Developer";
				COPY_PHASE_STRIP = NO;
				GCC_C_LANGUAGE_STANDARD = gnu99;
				GCC_DYNAMIC_NO_PIC = NO;
				GCC_OPTIMIZATION_LEVEL = 0;
				GCC_PREPROCESSOR_DEFINITIONS = (
					"DEBUG=1",
					"$(inherited)",
				);
				GCC_SYMBOLS_PRIVATE_EXTERN = NO;
				GCC_WARN_ABOUT_RETURN_TYPE = YES;
				GCC_WARN_UNINITIALIZED_AUTOS = YES;
				GCC_WARN_UNUSED_VARIABLE = YES;
				IPHONEOS_DEPLOYMENT_TARGET = 6.0;
				ONLY_ACTIVE_ARCH = YES;
				SDKROOT = iphoneos;
				TARGETED_DEVICE_FAMILY = 2;
			};
			name = Debug;
		};
		2266CA9C1689F70B006AEC44 /* Release */ = {
			isa = XCBuildConfiguration;
			buildSettings = {
				ALWAYS_SEARCH_USER_PATHS = NO;
				CLANG_CXX_LANGUAGE_STANDARD = "gnu++0x";
				CLANG_CXX_LIBRARY = "libc++";
				CLANG_ENABLE_OBJC_ARC = YES;
				CLANG_WARN_EMPTY_BODY = YES;
				CLANG_WARN__DUPLICATE_METHOD_MATCH = YES;
				"CODE_SIGN_IDENTITY[sdk=iphoneos*]" = "iPhone Developer";
				COPY_PHASE_STRIP = YES;
				GCC_C_LANGUAGE_STANDARD = gnu99;
				GCC_WARN_ABOUT_RETURN_TYPE = YES;
				GCC_WARN_UNINITIALIZED_AUTOS = YES;
				GCC_WARN_UNUSED_VARIABLE = YES;
				IPHONEOS_DEPLOYMENT_TARGET = 6.0;
				OTHER_CFLAGS = "-DNS_BLOCK_ASSERTIONS=1";
				SDKROOT = iphoneos;
				TARGETED_DEVICE_FAMILY = 2;
				VALIDATE_PRODUCT = YES;
			};
			name = Release;
		};
		2266CA9E1689F70B006AEC44 /* Debug */ = {
			isa = XCBuildConfiguration;
			buildSettings = {
				FRAMEWORK_SEARCH_PATHS = (
					"$(inherited)",
					"\"$(SRCROOT)\"",
				);
				GCC_PRECOMPILE_PREFIX_HEADER = YES;
				GCC_PREFIX_HEADER = "RangeSelector/RangeSelector-Prefix.pch";
				INFOPLIST_FILE = "RangeSelector/RangeSelector-Info.plist";
				PRODUCT_NAME = "$(TARGET_NAME)";
				WRAPPER_EXTENSION = app;
			};
			name = Debug;
		};
		2266CA9F1689F70B006AEC44 /* Release */ = {
			isa = XCBuildConfiguration;
			buildSettings = {
				FRAMEWORK_SEARCH_PATHS = (
					"$(inherited)",
					"\"$(SRCROOT)\"",
				);
				GCC_PRECOMPILE_PREFIX_HEADER = YES;
				GCC_PREFIX_HEADER = "RangeSelector/RangeSelector-Prefix.pch";
				INFOPLIST_FILE = "RangeSelector/RangeSelector-Info.plist";
				PRODUCT_NAME = "$(TARGET_NAME)";
				WRAPPER_EXTENSION = app;
			};
			name = Release;
		};
		2266CAA11689F70B006AEC44 /* Debug */ = {
			isa = XCBuildConfiguration;
			buildSettings = {
				BUNDLE_LOADER = "$(BUILT_PRODUCTS_DIR)/RangeSelector.app/RangeSelector";
				FRAMEWORK_SEARCH_PATHS = (
					"\"$(SDKROOT)/Developer/Library/Frameworks\"",
					"\"$(DEVELOPER_LIBRARY_DIR)/Frameworks\"",
				);
				GCC_PRECOMPILE_PREFIX_HEADER = YES;
				GCC_PREFIX_HEADER = "RangeSelector/RangeSelector-Prefix.pch";
				INFOPLIST_FILE = "RangeSelectorTests/RangeSelectorTests-Info.plist";
				PRODUCT_NAME = "$(TARGET_NAME)";
				TEST_HOST = "$(BUNDLE_LOADER)";
				WRAPPER_EXTENSION = octest;
			};
			name = Debug;
		};
		2266CAA21689F70B006AEC44 /* Release */ = {
			isa = XCBuildConfiguration;
			buildSettings = {
				BUNDLE_LOADER = "$(BUILT_PRODUCTS_DIR)/RangeSelector.app/RangeSelector";
				FRAMEWORK_SEARCH_PATHS = (
					"\"$(SDKROOT)/Developer/Library/Frameworks\"",
					"\"$(DEVELOPER_LIBRARY_DIR)/Frameworks\"",
				);
				GCC_PRECOMPILE_PREFIX_HEADER = YES;
				GCC_PREFIX_HEADER = "RangeSelector/RangeSelector-Prefix.pch";
				INFOPLIST_FILE = "RangeSelectorTests/RangeSelectorTests-Info.plist";
				PRODUCT_NAME = "$(TARGET_NAME)";
				TEST_HOST = "$(BUNDLE_LOADER)";
				WRAPPER_EXTENSION = octest;
			};
			name = Release;
		};
/* End XCBuildConfiguration section */

/* Begin XCConfigurationList section */
		2266CA5E1689F70B006AEC44 /* Build configuration list for PBXProject "RangeSelector" */ = {
			isa = XCConfigurationList;
			buildConfigurations = (
				2266CA9B1689F70B006AEC44 /* Debug */,
				2266CA9C1689F70B006AEC44 /* Release */,
			);
			defaultConfigurationIsVisible = 0;
			defaultConfigurationName = Release;
		};
		2266CA9D1689F70B006AEC44 /* Build configuration list for PBXNativeTarget "RangeSelector" */ = {
			isa = XCConfigurationList;
			buildConfigurations = (
				2266CA9E1689F70B006AEC44 /* Debug */,
				2266CA9F1689F70B006AEC44 /* Release */,
			);
			defaultConfigurationIsVisible = 0;
			defaultConfigurationName = Release;
		};
		2266CAA01689F70B006AEC44 /* Build configuration list for PBXNativeTarget "RangeSelectorTests" */ = {
			isa = XCConfigurationList;
			buildConfigurations = (
				2266CAA11689F70B006AEC44 /* Debug */,
				2266CAA21689F70B006AEC44 /* Release */,
			);
			defaultConfigurationIsVisible = 0;
			defaultConfigurationName = Release;
		};
/* End XCConfigurationList section */
	};
	rootObject = 2266CA5B1689F70B006AEC44 /* Project object */;
}
